
Microsoft Visual Studio Solution File, Format Version 12.00
# Visual Studio Version 17
VisualStudioVersion = 17.4.33403.182
MinimumVisualStudioVersion = 10.0.40219.1
Project("{FAE04EC0-301F-11D3-BF4B-00C04F79EFBC}") = "ConsoleMonGame", "ConsoleMonGame\ConsoleMonGame.csproj", "{498F4F77-6FAB-4975-85C7-CA7E4633C0C1}"
EndProject
Global
	GlobalSection(SolutionConfigurationPlatforms) = preSolution
		Debug|Any CPU = Debug|Any CPU
		Release|Any CPU = Release|Any CPU
	EndGlobalSection
	GlobalSection(ProjectConfigurationPlatforms) = postSolution
		{498F4F77-6FAB-4975-85C7-CA7E4633C0C1}.Debug|Any CPU.ActiveCfg = Debug|Any CPU
		{498F4F77-6FAB-4975-85C7-CA7E4633C0C1}.Debug|Any CPU.Build.0 = Debug|Any CPU
		{498F4F77-6FAB-4975-85C7-CA7E4633C0C1}.Release|Any CPU.ActiveCfg = Release|Any CPU
		{498F4F77-6FAB-4975-85C7-CA7E4633C0C1}.Release|Any CPU.Build.0 = Release|Any CPU
	EndGlobalSection
	GlobalSection(SolutionProperties) = preSolution
		HideSolutionNode = FALSE
	EndGlobalSection
	GlobalSection(ExtensibilityGlobals) = postSolution
		SolutionGuid = {117ABA0C-37EF-4EDF-BBB4-5AE061E32B71}
	EndGlobalSection
EndGlobal
